
Microsoft Visual Studio Solution File, Format Version 12.00
# Visual Studio Version 16
VisualStudioVersion = 16.0.31025.194
MinimumVisualStudioVersion = 10.0.40219.1
Project("{9A19103F-16F7-4668-BE54-9A1E7A4F7556}") = "MovieApp.Models", "ClassLibrary1\MovieApp.Models.csproj", "{73E6640F-06BA-4B5D-ACBB-6D2C034A0551}"
EndProject
Project("{9A19103F-16F7-4668-BE54-9A1E7A4F7556}") = "MovieApp.Repository", "MovieApp.Repository\MovieApp.Repository.csproj", "{9B72C8A1-29D8-4B01-8FB8-ED48AFA953A7}"
EndProject
Project("{FAE04EC0-301F-11D3-BF4B-00C04F79EFBC}") = "MovieApp1", "MovieApp1\MovieApp1.csproj", "{6011DAF6-2243-44CF-B22E-D4C2E7D24F4D}"
EndProject
Global
	GlobalSection(SolutionConfigurationPlatforms) = preSolution
		Debug|Any CPU = Debug|Any CPU
		Release|Any CPU = Release|Any CPU
	EndGlobalSection
	GlobalSection(ProjectConfigurationPlatforms) = postSolution
		{73E6640F-06BA-4B5D-ACBB-6D2C034A0551}.Debug|Any CPU.ActiveCfg = Debug|Any CPU
		{73E6640F-06BA-4B5D-ACBB-6D2C034A0551}.Debug|Any CPU.Build.0 = Debug|Any CPU
		{73E6640F-06BA-4B5D-ACBB-6D2C034A0551}.Release|Any CPU.ActiveCfg = Release|Any CPU
		{73E6640F-06BA-4B5D-ACBB-6D2C034A0551}.Release|Any CPU.Build.0 = Release|Any CPU
		{9B72C8A1-29D8-4B01-8FB8-ED48AFA953A7}.Debug|Any CPU.ActiveCfg = Debug|Any CPU
		{9B72C8A1-29D8-4B01-8FB8-ED48AFA953A7}.Debug|Any CPU.Build.0 = Debug|Any CPU
		{9B72C8A1-29D8-4B01-8FB8-ED48AFA953A7}.Release|Any CPU.ActiveCfg = Release|Any CPU
		{9B72C8A1-29D8-4B01-8FB8-ED48AFA953A7}.Release|Any CPU.Build.0 = Release|Any CPU
		{6011DAF6-2243-44CF-B22E-D4C2E7D24F4D}.Debug|Any CPU.ActiveCfg = Debug|Any CPU
		{6011DAF6-2243-44CF-B22E-D4C2E7D24F4D}.Debug|Any CPU.Build.0 = Debug|Any CPU
		{6011DAF6-2243-44CF-B22E-D4C2E7D24F4D}.Release|Any CPU.ActiveCfg = Release|Any CPU
		{6011DAF6-2243-44CF-B22E-D4C2E7D24F4D}.Release|Any CPU.Build.0 = Release|Any CPU
	EndGlobalSection
	GlobalSection(SolutionProperties) = preSolution
		HideSolutionNode = FALSE
	EndGlobalSection
	GlobalSection(ExtensibilityGlobals) = postSolution
		SolutionGuid = {F05F8F1E-5FA6-49B2-A3FC-354C0BA5AD14}
	EndGlobalSection
EndGlobal
